// !$*UTF8*$!
{
	archiveVersion = 1;
	classes = {
	};
	objectVersion = 48;
	objects = {

/* Begin PBXBuildFile section */
		498358E71F8C2330000F7B65 /* QuestionFactory.m in Sources */ = {isa = PBXBuildFile; fileRef = 498358D91F8C2330000F7B65 /* QuestionFactory.m */; };
		498358E81F8C2330000F7B65 /* Player.m in Sources */ = {isa = PBXBuildFile; fileRef = 498358DA1F8C2330000F7B65 /* Player.m */; };
		498358E91F8C2330000F7B65 /* Question.m in Sources */ = {isa = PBXBuildFile; fileRef = 498358DF1F8C2330000F7B65 /* Question.m */; };
		498358EA1F8C2330000F7B65 /* GameModel.m in Sources */ = {isa = PBXBuildFile; fileRef = 498358E01F8C2330000F7B65 /* GameModel.m */; };
		498358EB1F8C2330000F7B65 /* QuestionManager.m in Sources */ = {isa = PBXBuildFile; fileRef = 498358E21F8C2330000F7B65 /* QuestionManager.m */; };
		498358EC1F8C2330000F7B65 /* AdditionQuestion.m in Sources */ = {isa = PBXBuildFile; fileRef = 498358E31F8C2330000F7B65 /* AdditionQuestion.m */; };
		498358ED1F8C2330000F7B65 /* ScoreKeeper.m in Sources */ = {isa = PBXBuildFile; fileRef = 498358E51F8C2330000F7B65 /* ScoreKeeper.m */; };
		498358EE1F8C2330000F7B65 /* SubtractionQuestion.m in Sources */ = {isa = PBXBuildFile; fileRef = 498358E61F8C2330000F7B65 /* SubtractionQuestion.m */; };
		93A1BC9F1F8C044100E5B0B0 /* AppDelegate.m in Sources */ = {isa = PBXBuildFile; fileRef = 93A1BC9E1F8C044100E5B0B0 /* AppDelegate.m */; };
		93A1BCA21F8C044100E5B0B0 /* ViewController.m in Sources */ = {isa = PBXBuildFile; fileRef = 93A1BCA11F8C044100E5B0B0 /* ViewController.m */; };
		93A1BCA51F8C044100E5B0B0 /* Main.storyboard in Resources */ = {isa = PBXBuildFile; fileRef = 93A1BCA31F8C044100E5B0B0 /* Main.storyboard */; };
		93A1BCA71F8C044100E5B0B0 /* Assets.xcassets in Resources */ = {isa = PBXBuildFile; fileRef = 93A1BCA61F8C044100E5B0B0 /* Assets.xcassets */; };
		93A1BCAA1F8C044100E5B0B0 /* LaunchScreen.storyboard in Resources */ = {isa = PBXBuildFile; fileRef = 93A1BCA81F8C044100E5B0B0 /* LaunchScreen.storyboard */; };
		93A1BCAD1F8C044100E5B0B0 /* main.m in Sources */ = {isa = PBXBuildFile; fileRef = 93A1BCAC1F8C044100E5B0B0 /* main.m */; };
		93A1BCB71F8C044100E5B0B0 /* _PlayerMathTests.m in Sources */ = {isa = PBXBuildFile; fileRef = 93A1BCB61F8C044100E5B0B0 /* _PlayerMathTests.m */; };
		93A1BCC21F8C044100E5B0B0 /* _PlayerMathUITests.m in Sources */ = {isa = PBXBuildFile; fileRef = 93A1BCC11F8C044100E5B0B0 /* _PlayerMathUITests.m */; };
/* End PBXBuildFile section */

/* Begin PBXContainerItemProxy section */
		93A1BCB31F8C044100E5B0B0 /* PBXContainerItemProxy */ = {
			isa = PBXContainerItemProxy;
			containerPortal = 93A1BC921F8C044100E5B0B0 /* Project object */;
			proxyType = 1;
			remoteGlobalIDString = 93A1BC991F8C044100E5B0B0;
			remoteInfo = 2PlayerMath;
		};
		93A1BCBE1F8C044100E5B0B0 /* PBXContainerItemProxy */ = {
			isa = PBXContainerItemProxy;
			containerPortal = 93A1BC921F8C044100E5B0B0 /* Project object */;
			proxyType = 1;
			remoteGlobalIDString = 93A1BC991F8C044100E5B0B0;
			remoteInfo = 2PlayerMath;
		};
/* End PBXContainerItemProxy section */

/* Begin PBXFileReference section */
		498358D71F8C2330000F7B65 /* ScoreKeeper.h */ = {isa = PBXFileReference; fileEncoding = 4; lastKnownFileType = sourcecode.c.h; path = ScoreKeeper.h; sourceTree = "<group>"; };
		498358D81F8C2330000F7B65 /* QuestionFactory.h */ = {isa = PBXFileReference; fileEncoding = 4; lastKnownFileType = sourcecode.c.h; path = QuestionFactory.h; sourceTree = "<group>"; };
		498358D91F8C2330000F7B65 /* QuestionFactory.m */ = {isa = PBXFileReference; fileEncoding = 4; lastKnownFileType = sourcecode.c.objc; path = QuestionFactory.m; sourceTree = "<group>"; };
		498358DA1F8C2330000F7B65 /* Player.m */ = {isa = PBXFileReference; fileEncoding = 4; lastKnownFileType = sourcecode.c.objc; path = Player.m; sourceTree = "<group>"; };
		498358DB1F8C2330000F7B65 /* SubtractionQuestion.h */ = {isa = PBXFileReference; fileEncoding = 4; lastKnownFileType = sourcecode.c.h; path = SubtractionQuestion.h; sourceTree = "<group>"; };
		498358DC1F8C2330000F7B65 /* Player.h */ = {isa = PBXFileReference; fileEncoding = 4; lastKnownFileType = sourcecode.c.h; path = Player.h; sourceTree = "<group>"; };
		498358DD1F8C2330000F7B65 /* Question.h */ = {isa = PBXFileReference; fileEncoding = 4; lastKnownFileType = sourcecode.c.h; path = Question.h; sourceTree = "<group>"; };
		498358DE1F8C2330000F7B65 /* QuestionManager.h */ = {isa = PBXFileReference; fileEncoding = 4; lastKnownFileType = sourcecode.c.h; path = QuestionManager.h; sourceTree = "<group>"; };
		498358DF1F8C2330000F7B65 /* Question.m */ = {isa = PBXFileReference; fileEncoding = 4; lastKnownFileType = sourcecode.c.objc; path = Question.m; sourceTree = "<group>"; };
		498358E01F8C2330000F7B65 /* GameModel.m */ = {isa = PBXFileReference; fileEncoding = 4; lastKnownFileType = sourcecode.c.objc; path = GameModel.m; sourceTree = "<group>"; };
		498358E11F8C2330000F7B65 /* GameModel.h */ = {isa = PBXFileReference; fileEncoding = 4; lastKnownFileType = sourcecode.c.h; path = GameModel.h; sourceTree = "<group>"; };
		498358E21F8C2330000F7B65 /* QuestionManager.m */ = {isa = PBXFileReference; fileEncoding = 4; lastKnownFileType = sourcecode.c.objc; path = QuestionManager.m; sourceTree = "<group>"; };
		498358E31F8C2330000F7B65 /* AdditionQuestion.m */ = {isa = PBXFileReference; fileEncoding = 4; lastKnownFileType = sourcecode.c.objc; path = AdditionQuestion.m; sourceTree = "<group>"; };
		498358E41F8C2330000F7B65 /* AdditionQuestion.h */ = {isa = PBXFileReference; fileEncoding = 4; lastKnownFileType = sourcecode.c.h; path = AdditionQuestion.h; sourceTree = "<group>"; };
		498358E51F8C2330000F7B65 /* ScoreKeeper.m */ = {isa = PBXFileReference; fileEncoding = 4; lastKnownFileType = sourcecode.c.objc; path = ScoreKeeper.m; sourceTree = "<group>"; };
		498358E61F8C2330000F7B65 /* SubtractionQuestion.m */ = {isa = PBXFileReference; fileEncoding = 4; lastKnownFileType = sourcecode.c.objc; path = SubtractionQuestion.m; sourceTree = "<group>"; };
		93A1BC9A1F8C044100E5B0B0 /* 2PlayerMath.app */ = {isa = PBXFileReference; explicitFileType = wrapper.application; includeInIndex = 0; path = 2PlayerMath.app; sourceTree = BUILT_PRODUCTS_DIR; };
		93A1BC9D1F8C044100E5B0B0 /* AppDelegate.h */ = {isa = PBXFileReference; lastKnownFileType = sourcecode.c.h; path = AppDelegate.h; sourceTree = "<group>"; };
		93A1BC9E1F8C044100E5B0B0 /* AppDelegate.m */ = {isa = PBXFileReference; lastKnownFileType = sourcecode.c.objc; path = AppDelegate.m; sourceTree = "<group>"; };
		93A1BCA01F8C044100E5B0B0 /* ViewController.h */ = {isa = PBXFileReference; lastKnownFileType = sourcecode.c.h; path = ViewController.h; sourceTree = "<group>"; };
		93A1BCA11F8C044100E5B0B0 /* ViewController.m */ = {isa = PBXFileReference; lastKnownFileType = sourcecode.c.objc; path = ViewController.m; sourceTree = "<group>"; };
		93A1BCA41F8C044100E5B0B0 /* Base */ = {isa = PBXFileReference; lastKnownFileType = file.storyboard; name = Base; path = Base.lproj/Main.storyboard; sourceTree = "<group>"; };
		93A1BCA61F8C044100E5B0B0 /* Assets.xcassets */ = {isa = PBXFileReference; lastKnownFileType = folder.assetcatalog; path = Assets.xcassets; sourceTree = "<group>"; };
		93A1BCA91F8C044100E5B0B0 /* Base */ = {isa = PBXFileReference; lastKnownFileType = file.storyboard; name = Base; path = Base.lproj/LaunchScreen.storyboard; sourceTree = "<group>"; };
		93A1BCAB1F8C044100E5B0B0 /* Info.plist */ = {isa = PBXFileReference; lastKnownFileType = text.plist.xml; path = Info.plist; sourceTree = "<group>"; };
		93A1BCAC1F8C044100E5B0B0 /* main.m */ = {isa = PBXFileReference; lastKnownFileType = sourcecode.c.objc; path = main.m; sourceTree = "<group>"; };
		93A1BCB21F8C044100E5B0B0 /* 2PlayerMathTests.xctest */ = {isa = PBXFileReference; explicitFileType = wrapper.cfbundle; includeInIndex = 0; path = 2PlayerMathTests.xctest; sourceTree = BUILT_PRODUCTS_DIR; };
		93A1BCB61F8C044100E5B0B0 /* _PlayerMathTests.m */ = {isa = PBXFileReference; lastKnownFileType = sourcecode.c.objc; path = _PlayerMathTests.m; sourceTree = "<group>"; };
		93A1BCB81F8C044100E5B0B0 /* Info.plist */ = {isa = PBXFileReference; lastKnownFileType = text.plist.xml; path = Info.plist; sourceTree = "<group>"; };
		93A1BCBD1F8C044100E5B0B0 /* 2PlayerMathUITests.xctest */ = {isa = PBXFileReference; explicitFileType = wrapper.cfbundle; includeInIndex = 0; path = 2PlayerMathUITests.xctest; sourceTree = BUILT_PRODUCTS_DIR; };
		93A1BCC11F8C044100E5B0B0 /* _PlayerMathUITests.m */ = {isa = PBXFileReference; lastKnownFileType = sourcecode.c.objc; path = _PlayerMathUITests.m; sourceTree = "<group>"; };
		93A1BCC31F8C044100E5B0B0 /* Info.plist */ = {isa = PBXFileReference; lastKnownFileType = text.plist.xml; path = Info.plist; sourceTree = "<group>"; };
/* End PBXFileReference section */

/* Begin PBXFrameworksBuildPhase section */
		93A1BC971F8C044100E5B0B0 /* Frameworks */ = {
			isa = PBXFrameworksBuildPhase;
			buildActionMask = 2147483647;
			files = (
			);
			runOnlyForDeploymentPostprocessing = 0;
		};
		93A1BCAF1F8C044100E5B0B0 /* Frameworks */ = {
			isa = PBXFrameworksBuildPhase;
			buildActionMask = 2147483647;
			files = (
			);
			runOnlyForDeploymentPostprocessing = 0;
		};
		93A1BCBA1F8C044100E5B0B0 /* Frameworks */ = {
			isa = PBXFrameworksBuildPhase;
			buildActionMask = 2147483647;
			files = (
			);
			runOnlyForDeploymentPostprocessing = 0;
		};
/* End PBXFrameworksBuildPhase section */

/* Begin PBXGroup section */
		93A1BC911F8C044100E5B0B0 = {
			isa = PBXGroup;
			children = (
				93A1BC9C1F8C044100E5B0B0 /* 2PlayerMath */,
				93A1BCB51F8C044100E5B0B0 /* 2PlayerMathTests */,
				93A1BCC01F8C044100E5B0B0 /* 2PlayerMathUITests */,
				93A1BC9B1F8C044100E5B0B0 /* Products */,
			);
			sourceTree = "<group>";
		};
		93A1BC9B1F8C044100E5B0B0 /* Products */ = {
			isa = PBXGroup;
			children = (
				93A1BC9A1F8C044100E5B0B0 /* 2PlayerMath.app */,
				93A1BCB21F8C044100E5B0B0 /* 2PlayerMathTests.xctest */,
				93A1BCBD1F8C044100E5B0B0 /* 2PlayerMathUITests.xctest */,
			);
			name = Products;
			sourceTree = "<group>";
		};
		93A1BC9C1F8C044100E5B0B0 /* 2PlayerMath */ = {
			isa = PBXGroup;
			children = (
				498358E41F8C2330000F7B65 /* AdditionQuestion.h */,
				498358E31F8C2330000F7B65 /* AdditionQuestion.m */,
				498358E11F8C2330000F7B65 /* GameModel.h */,
				498358E01F8C2330000F7B65 /* GameModel.m */,
				498358DC1F8C2330000F7B65 /* Player.h */,
				498358DA1F8C2330000F7B65 /* Player.m */,
				498358DD1F8C2330000F7B65 /* Question.h */,
				498358DF1F8C2330000F7B65 /* Question.m */,
				498358D81F8C2330000F7B65 /* QuestionFactory.h */,
				498358D91F8C2330000F7B65 /* QuestionFactory.m */,
				498358DE1F8C2330000F7B65 /* QuestionManager.h */,
				498358E21F8C2330000F7B65 /* QuestionManager.m */,
				498358D71F8C2330000F7B65 /* ScoreKeeper.h */,
				498358E51F8C2330000F7B65 /* ScoreKeeper.m */,
				498358DB1F8C2330000F7B65 /* SubtractionQuestion.h */,
				498358E61F8C2330000F7B65 /* SubtractionQuestion.m */,
				93A1BC9D1F8C044100E5B0B0 /* AppDelegate.h */,
				93A1BC9E1F8C044100E5B0B0 /* AppDelegate.m */,
				93A1BCA01F8C044100E5B0B0 /* ViewController.h */,
				93A1BCA11F8C044100E5B0B0 /* ViewController.m */,
				93A1BCA31F8C044100E5B0B0 /* Main.storyboard */,
				93A1BCA61F8C044100E5B0B0 /* Assets.xcassets */,
				93A1BCA81F8C044100E5B0B0 /* LaunchScreen.storyboard */,
				93A1BCAB1F8C044100E5B0B0 /* Info.plist */,
				93A1BCAC1F8C044100E5B0B0 /* main.m */,
			);
			path = 2PlayerMath;
			sourceTree = "<group>";
		};
		93A1BCB51F8C044100E5B0B0 /* 2PlayerMathTests */ = {
			isa = PBXGroup;
			children = (
				93A1BCB61F8C044100E5B0B0 /* _PlayerMathTests.m */,
				93A1BCB81F8C044100E5B0B0 /* Info.plist */,
			);
			path = 2PlayerMathTests;
			sourceTree = "<group>";
		};
		93A1BCC01F8C044100E5B0B0 /* 2PlayerMathUITests */ = {
			isa = PBXGroup;
			children = (
				93A1BCC11F8C044100E5B0B0 /* _PlayerMathUITests.m */,
				93A1BCC31F8C044100E5B0B0 /* Info.plist */,
			);
			path = 2PlayerMathUITests;
			sourceTree = "<group>";
		};
/* End PBXGroup section */

/* Begin PBXNativeTarget section */
		93A1BC991F8C044100E5B0B0 /* 2PlayerMath */ = {
			isa = PBXNativeTarget;
			buildConfigurationList = 93A1BCC61F8C044100E5B0B0 /* Build configuration list for PBXNativeTarget "2PlayerMath" */;
			buildPhases = (
				93A1BC961F8C044100E5B0B0 /* Sources */,
				93A1BC971F8C044100E5B0B0 /* Frameworks */,
				93A1BC981F8C044100E5B0B0 /* Resources */,
			);
			buildRules = (
			);
			dependencies = (
			);
			name = 2PlayerMath;
			productName = 2PlayerMath;
			productReference = 93A1BC9A1F8C044100E5B0B0 /* 2PlayerMath.app */;
			productType = "com.apple.product-type.application";
		};
		93A1BCB11F8C044100E5B0B0 /* 2PlayerMathTests */ = {
			isa = PBXNativeTarget;
			buildConfigurationList = 93A1BCC91F8C044100E5B0B0 /* Build configuration list for PBXNativeTarget "2PlayerMathTests" */;
			buildPhases = (
				93A1BCAE1F8C044100E5B0B0 /* Sources */,
				93A1BCAF1F8C044100E5B0B0 /* Frameworks */,
				93A1BCB01F8C044100E5B0B0 /* Resources */,
			);
			buildRules = (
			);
			dependencies = (
				93A1BCB41F8C044100E5B0B0 /* PBXTargetDependency */,
			);
			name = 2PlayerMathTests;
			productName = 2PlayerMathTests;
			productReference = 93A1BCB21F8C044100E5B0B0 /* 2PlayerMathTests.xctest */;
			productType = "com.apple.product-type.bundle.unit-test";
		};
		93A1BCBC1F8C044100E5B0B0 /* 2PlayerMathUITests */ = {
			isa = PBXNativeTarget;
			buildConfigurationList = 93A1BCCC1F8C044100E5B0B0 /* Build configuration list for PBXNativeTarget "2PlayerMathUITests" */;
			buildPhases = (
				93A1BCB91F8C044100E5B0B0 /* Sources */,
				93A1BCBA1F8C044100E5B0B0 /* Frameworks */,
				93A1BCBB1F8C044100E5B0B0 /* Resources */,
			);
			buildRules = (
			);
			dependencies = (
				93A1BCBF1F8C044100E5B0B0 /* PBXTargetDependency */,
			);
			name = 2PlayerMathUITests;
			productName = 2PlayerMathUITests;
			productReference = 93A1BCBD1F8C044100E5B0B0 /* 2PlayerMathUITests.xctest */;
			productType = "com.apple.product-type.bundle.ui-testing";
		};
/* End PBXNativeTarget section */

/* Begin PBXProject section */
		93A1BC921F8C044100E5B0B0 /* Project object */ = {
			isa = PBXProject;
			attributes = {
				LastUpgradeCheck = 0900;
				ORGANIZATIONNAME = "Aaron Johnson";
				TargetAttributes = {
					93A1BC991F8C044100E5B0B0 = {
						CreatedOnToolsVersion = 9.0;
						ProvisioningStyle = Automatic;
					};
					93A1BCB11F8C044100E5B0B0 = {
						CreatedOnToolsVersion = 9.0;
						ProvisioningStyle = Automatic;
						TestTargetID = 93A1BC991F8C044100E5B0B0;
					};
					93A1BCBC1F8C044100E5B0B0 = {
						CreatedOnToolsVersion = 9.0;
						ProvisioningStyle = Automatic;
						TestTargetID = 93A1BC991F8C044100E5B0B0;
					};
				};
			};
			buildConfigurationList = 93A1BC951F8C044100E5B0B0 /* Build configuration list for PBXProject "2PlayerMath" */;
			compatibilityVersion = "Xcode 8.0";
			developmentRegion = en;
			hasScannedForEncodings = 0;
			knownRegions = (
				en,
				Base,
			);
			mainGroup = 93A1BC911F8C044100E5B0B0;
			productRefGroup = 93A1BC9B1F8C044100E5B0B0 /* Products */;
			projectDirPath = "";
			projectRoot = "";
			targets = (
				93A1BC991F8C044100E5B0B0 /* 2PlayerMath */,
				93A1BCB11F8C044100E5B0B0 /* 2PlayerMathTests */,
				93A1BCBC1F8C044100E5B0B0 /* 2PlayerMathUITests */,
			);
		};
/* End PBXProject section */

/* Begin PBXResourcesBuildPhase section */
		93A1BC981F8C044100E5B0B0 /* Resources */ = {
			isa = PBXResourcesBuildPhase;
			buildActionMask = 2147483647;
			files = (
				93A1BCAA1F8C044100E5B0B0 /* LaunchScreen.storyboard in Resources */,
				93A1BCA71F8C044100E5B0B0 /* Assets.xcassets in Resources */,
				93A1BCA51F8C044100E5B0B0 /* Main.storyboard in Resources */,
			);
			runOnlyForDeploymentPostprocessing = 0;
		};
		93A1BCB01F8C044100E5B0B0 /* Resources */ = {
			isa = PBXResourcesBuildPhase;
			buildActionMask = 2147483647;
			files = (
			);
			runOnlyForDeploymentPostprocessing = 0;
		};
		93A1BCBB1F8C044100E5B0B0 /* Resources */ = {
			isa = PBXResourcesBuildPhase;
			buildActionMask = 2147483647;
			files = (
			);
			runOnlyForDeploymentPostprocessing = 0;
		};
/* End PBXResourcesBuildPhase section */

/* Begin PBXSourcesBuildPhase section */
		93A1BC961F8C044100E5B0B0 /* Sources */ = {
			isa = PBXSourcesBuildPhase;
			buildActionMask = 2147483647;
			files = (
				498358ED1F8C2330000F7B65 /* ScoreKeeper.m in Sources */,
				498358EE1F8C2330000F7B65 /* SubtractionQuestion.m in Sources */,
				498358E71F8C2330000F7B65 /* QuestionFactory.m in Sources */,
				93A1BCA21F8C044100E5B0B0 /* ViewController.m in Sources */,
				93A1BCAD1F8C044100E5B0B0 /* main.m in Sources */,
				498358E91F8C2330000F7B65 /* Question.m in Sources */,
				498358EC1F8C2330000F7B65 /* AdditionQuestion.m in Sources */,
				93A1BC9F1F8C044100E5B0B0 /* AppDelegate.m in Sources */,
				498358E81F8C2330000F7B65 /* Player.m in Sources */,
				498358EA1F8C2330000F7B65 /* GameModel.m in Sources */,
				498358EB1F8C2330000F7B65 /* QuestionManager.m in Sources */,
			);
			runOnlyForDeploymentPostprocessing = 0;
		};
		93A1BCAE1F8C044100E5B0B0 /* Sources */ = {
			isa = PBXSourcesBuildPhase;
			buildActionMask = 2147483647;
			files = (
				93A1BCB71F8C044100E5B0B0 /* _PlayerMathTests.m in Sources */,
			);
			runOnlyForDeploymentPostprocessing = 0;
		};
		93A1BCB91F8C044100E5B0B0 /* Sources */ = {
			isa = PBXSourcesBuildPhase;
			buildActionMask = 2147483647;
			files = (
				93A1BCC21F8C044100E5B0B0 /* _PlayerMathUITests.m in Sources */,
			);
			runOnlyForDeploymentPostprocessing = 0;
		};
/* End PBXSourcesBuildPhase section */

/* Begin PBXTargetDependency section */
		93A1BCB41F8C044100E5B0B0 /* PBXTargetDependency */ = {
			isa = PBXTargetDependency;
			target = 93A1BC991F8C044100E5B0B0 /* 2PlayerMath */;
			targetProxy = 93A1BCB31F8C044100E5B0B0 /* PBXContainerItemProxy */;
		};
		93A1BCBF1F8C044100E5B0B0 /* PBXTargetDependency */ = {
			isa = PBXTargetDependency;
			target = 93A1BC991F8C044100E5B0B0 /* 2PlayerMath */;
			targetProxy = 93A1BCBE1F8C044100E5B0B0 /* PBXContainerItemProxy */;
		};
/* End PBXTargetDependency section */

/* Begin PBXVariantGroup section */
		93A1BCA31F8C044100E5B0B0 /* Main.storyboard */ = {
			isa = PBXVariantGroup;
			children = (
				93A1BCA41F8C044100E5B0B0 /* Base */,
			);
			name = Main.storyboard;
			sourceTree = "<group>";
		};
		93A1BCA81F8C044100E5B0B0 /* LaunchScreen.storyboard */ = {
			isa = PBXVariantGroup;
			children = (
				93A1BCA91F8C044100E5B0B0 /* Base */,
			);
			name = LaunchScreen.storyboard;
			sourceTree = "<group>";
		};
/* End PBXVariantGroup section */

/* Begin XCBuildConfiguration section */
		93A1BCC41F8C044100E5B0B0 /* Debug */ = {
			isa = XCBuildConfiguration;
			buildSettings = {
				ALWAYS_SEARCH_USER_PATHS = NO;
				CLANG_ANALYZER_NONNULL = YES;
				CLANG_ANALYZER_NUMBER_OBJECT_CONVERSION = YES_AGGRESSIVE;
				CLANG_CXX_LANGUAGE_STANDARD = "gnu++14";
				CLANG_CXX_LIBRARY = "libc++";
				CLANG_ENABLE_MODULES = YES;
				CLANG_ENABLE_OBJC_ARC = YES;
				CLANG_WARN_BLOCK_CAPTURE_AUTORELEASING = YES;
				CLANG_WARN_BOOL_CONVERSION = YES;
				CLANG_WARN_COMMA = YES;
				CLANG_WARN_CONSTANT_CONVERSION = YES;
				CLANG_WARN_DIRECT_OBJC_ISA_USAGE = YES_ERROR;
				CLANG_WARN_DOCUMENTATION_COMMENTS = YES;
				CLANG_WARN_EMPTY_BODY = YES;
				CLANG_WARN_ENUM_CONVERSION = YES;
				CLANG_WARN_INFINITE_RECURSION = YES;
				CLANG_WARN_INT_CONVERSION = YES;
				CLANG_WARN_NON_LITERAL_NULL_CONVERSION = YES;
				CLANG_WARN_OBJC_LITERAL_CONVERSION = YES;
				CLANG_WARN_OBJC_ROOT_CLASS = YES_ERROR;
				CLANG_WARN_RANGE_LOOP_ANALYSIS = YES;
				CLANG_WARN_STRICT_PROTOTYPES = YES;
				CLANG_WARN_SUSPICIOUS_MOVE = YES;
				CLANG_WARN_UNGUARDED_AVAILABILITY = YES_AGGRESSIVE;
				CLANG_WARN_UNREACHABLE_CODE = YES;
				CLANG_WARN__DUPLICATE_METHOD_MATCH = YES;
				CODE_SIGN_IDENTITY = "iPhone Developer";
				COPY_PHASE_STRIP = NO;
				DEBUG_INFORMATION_FORMAT = dwarf;
				ENABLE_STRICT_OBJC_MSGSEND = YES;
				ENABLE_TESTABILITY = YES;
				GCC_C_LANGUAGE_STANDARD = gnu11;
				GCC_DYNAMIC_NO_PIC = NO;
				GCC_NO_COMMON_BLOCKS = YES;
				GCC_OPTIMIZATION_LEVEL = 0;
				GCC_PREPROCESSOR_DEFINITIONS = (
					"DEBUG=1",
					"$(inherited)",
				);
				GCC_WARN_64_TO_32_BIT_CONVERSION = YES;
				GCC_WARN_ABOUT_RETURN_TYPE = YES_ERROR;
				GCC_WARN_UNDECLARED_SELECTOR = YES;
				GCC_WARN_UNINITIALIZED_AUTOS = YES_AGGRESSIVE;
				GCC_WARN_UNUSED_FUNCTION = YES;
				GCC_WARN_UNUSED_VARIABLE = YES;
				IPHONEOS_DEPLOYMENT_TARGET = 11.0;
				MTL_ENABLE_DEBUG_INFO = YES;
				ONLY_ACTIVE_ARCH = YES;
				SDKROOT = iphoneos;
			};
			name = Debug;
		};
		93A1BCC51F8C044100E5B0B0 /* Release */ = {
			isa = XCBuildConfiguration;
			buildSettings = {
				ALWAYS_SEARCH_USER_PATHS = NO;
				CLANG_ANALYZER_NONNULL = YES;
				CLANG_ANALYZER_NUMBER_OBJECT_CONVERSION = YES_AGGRESSIVE;
				CLANG_CXX_LANGUAGE_STANDARD = "gnu++14";
				CLANG_CXX_LIBRARY = "libc++";
				CLANG_ENABLE_MODULES = YES;
				CLANG_ENABLE_OBJC_ARC = YES;
				CLANG_WARN_BLOCK_CAPTURE_AUTORELEASING = YES;
				CLANG_WARN_BOOL_CONVERSION = YES;
				CLANG_WARN_COMMA = YES;
				CLANG_WARN_CONSTANT_CONVERSION = YES;
				CLANG_WARN_DIRECT_OBJC_ISA_USAGE = YES_ERROR;
				CLANG_WARN_DOCUMENTATION_COMMENTS = YES;
				CLANG_WARN_EMPTY_BODY = YES;
				CLANG_WARN_ENUM_CONVERSION = YES;
				CLANG_WARN_INFINITE_RECURSION = YES;
				CLANG_WARN_INT_CONVERSION = YES;
				CLANG_WARN_NON_LITERAL_NULL_CONVERSION = YES;
				CLANG_WARN_OBJC_LITERAL_CONVERSION = YES;
				CLANG_WARN_OBJC_ROOT_CLASS = YES_ERROR;
				CLANG_WARN_RANGE_LOOP_ANALYSIS = YES;
				CLANG_WARN_STRICT_PROTOTYPES = YES;
				CLANG_WARN_SUSPICIOUS_MOVE = YES;
				CLANG_WARN_UNGUARDED_AVAILABILITY = YES_AGGRESSIVE;
				CLANG_WARN_UNREACHABLE_CODE = YES;
				CLANG_WARN__DUPLICATE_METHOD_MATCH = YES;
				CODE_SIGN_IDENTITY = "iPhone Developer";
				COPY_PHASE_STRIP = NO;
				DEBUG_INFORMATION_FORMAT = "dwarf-with-dsym";
				ENABLE_NS_ASSERTIONS = NO;
				ENABLE_STRICT_OBJC_MSGSEND = YES;
				GCC_C_LANGUAGE_STANDARD = gnu11;
				GCC_NO_COMMON_BLOCKS = YES;
				GCC_WARN_64_TO_32_BIT_CONVERSION = YES;
				GCC_WARN_ABOUT_RETURN_TYPE = YES_ERROR;
				GCC_WARN_UNDECLARED_SELECTOR = YES;
				GCC_WARN_UNINITIALIZED_AUTOS = YES_AGGRESSIVE;
				GCC_WARN_UNUSED_FUNCTION = YES;
				GCC_WARN_UNUSED_VARIABLE = YES;
				IPHONEOS_DEPLOYMENT_TARGET = 11.0;
				MTL_ENABLE_DEBUG_INFO = NO;
				SDKROOT = iphoneos;
				VALIDATE_PRODUCT = YES;
			};
			name = Release;
		};
		93A1BCC71F8C044100E5B0B0 /* Debug */ = {
			isa = XCBuildConfiguration;
			buildSettings = {
				ASSETCATALOG_COMPILER_APPICON_NAME = AppIcon;
				CODE_SIGN_STYLE = Automatic;
				INFOPLIST_FILE = 2PlayerMath/Info.plist;
				LD_RUNPATH_SEARCH_PATHS = "$(inherited) @executable_path/Frameworks";
				PRODUCT_BUNDLE_IDENTIFIER = "AJ.-PlayerMath";
				PRODUCT_NAME = "$(TARGET_NAME)";
				TARGETED_DEVICE_FAMILY = "1,2";
			};
			name = Debug;
		};
		93A1BCC81F8C044100E5B0B0 /* Release */ = {
			isa = XCBuildConfiguration;
			buildSettings = {
				ASSETCATALOG_COMPILER_APPICON_NAME = AppIcon;
				CODE_SIGN_STYLE = Automatic;
				INFOPLIST_FILE = 2PlayerMath/Info.plist;
				LD_RUNPATH_SEARCH_PATHS = "$(inherited) @executable_path/Frameworks";
				PRODUCT_BUNDLE_IDENTIFIER = "AJ.-PlayerMath";
				PRODUCT_NAME = "$(TARGET_NAME)";
				TARGETED_DEVICE_FAMILY = "1,2";
			};
			name = Release;
		};
		93A1BCCA1F8C044100E5B0B0 /* Debug */ = {
			isa = XCBuildConfiguration;
			buildSettings = {
				BUNDLE_LOADER = "$(TEST_HOST)";
				CODE_SIGN_STYLE = Automatic;
				INFOPLIST_FILE = 2PlayerMathTests/Info.plist;
				LD_RUNPATH_SEARCH_PATHS = "$(inherited) @executable_path/Frameworks @loader_path/Frameworks";
				PRODUCT_BUNDLE_IDENTIFIER = "AJ.-PlayerMathTests";
				PRODUCT_NAME = "$(TARGET_NAME)";
				TARGETED_DEVICE_FAMILY = "1,2";
				TEST_HOST = "$(BUILT_PRODUCTS_DIR)/2PlayerMath.app/2PlayerMath";
			};
			name = Debug;
		};
		93A1BCCB1F8C044100E5B0B0 /* Release */ = {
			isa = XCBuildConfiguration;
			buildSettings = {
				BUNDLE_LOADER = "$(TEST_HOST)";
				CODE_SIGN_STYLE = Automatic;
				INFOPLIST_FILE = 2PlayerMathTests/Info.plist;
				LD_RUNPATH_SEARCH_PATHS = "$(inherited) @executable_path/Frameworks @loader_path/Frameworks";
				PRODUCT_BUNDLE_IDENTIFIER = "AJ.-PlayerMathTests";
				PRODUCT_NAME = "$(TARGET_NAME)";
				TARGETED_DEVICE_FAMILY = "1,2";
				TEST_HOST = "$(BUILT_PRODUCTS_DIR)/2PlayerMath.app/2PlayerMath";
			};
			name = Release;
		};
		93A1BCCD1F8C044100E5B0B0 /* Debug */ = {
			isa = XCBuildConfiguration;
			buildSettings = {
				CODE_SIGN_STYLE = Automatic;
				INFOPLIST_FILE = 2PlayerMathUITests/Info.plist;
				LD_RUNPATH_SEARCH_PATHS = "$(inherited) @executable_path/Frameworks @loader_path/Frameworks";
				PRODUCT_BUNDLE_IDENTIFIER = "AJ.-PlayerMathUITests";
				PRODUCT_NAME = "$(TARGET_NAME)";
				TARGETED_DEVICE_FAMILY = "1,2";
				TEST_TARGET_NAME = 2PlayerMath;
			};
			name = Debug;
		};
		93A1BCCE1F8C044100E5B0B0 /* Release */ = {
			isa = XCBuildConfiguration;
			buildSettings = {
				CODE_SIGN_STYLE = Automatic;
				INFOPLIST_FILE = 2PlayerMathUITests/Info.plist;
				LD_RUNPATH_SEARCH_PATHS = "$(inherited) @executable_path/Frameworks @loader_path/Frameworks";
				PRODUCT_BUNDLE_IDENTIFIER = "AJ.-PlayerMathUITests";
				PRODUCT_NAME = "$(TARGET_NAME)";
				TARGETED_DEVICE_FAMILY = "1,2";
				TEST_TARGET_NAME = 2PlayerMath;
			};
			name = Release;
		};
/* End XCBuildConfiguration section */

/* Begin XCConfigurationList section */
		93A1BC951F8C044100E5B0B0 /* Build configuration list for PBXProject "2PlayerMath" */ = {
			isa = XCConfigurationList;
			buildConfigurations = (
				93A1BCC41F8C044100E5B0B0 /* Debug */,
				93A1BCC51F8C044100E5B0B0 /* Release */,
			);
			defaultConfigurationIsVisible = 0;
			defaultConfigurationName = Release;
		};
		93A1BCC61F8C044100E5B0B0 /* Build configuration list for PBXNativeTarget "2PlayerMath" */ = {
			isa = XCConfigurationList;
			buildConfigurations = (
				93A1BCC71F8C044100E5B0B0 /* Debug */,
				93A1BCC81F8C044100E5B0B0 /* Release */,
			);
			defaultConfigurationIsVisible = 0;
			defaultConfigurationName = Release;
		};
		93A1BCC91F8C044100E5B0B0 /* Build configuration list for PBXNativeTarget "2PlayerMathTests" */ = {
			isa = XCConfigurationList;
			buildConfigurations = (
				93A1BCCA1F8C044100E5B0B0 /* Debug */,
				93A1BCCB1F8C044100E5B0B0 /* Release */,
			);
			defaultConfigurationIsVisible = 0;
			defaultConfigurationName = Release;
		};
		93A1BCCC1F8C044100E5B0B0 /* Build configuration list for PBXNativeTarget "2PlayerMathUITests" */ = {
			isa = XCConfigurationList;
			buildConfigurations = (
				93A1BCCD1F8C044100E5B0B0 /* Debug */,
				93A1BCCE1F8C044100E5B0B0 /* Release */,
			);
			defaultConfigurationIsVisible = 0;
			defaultConfigurationName = Release;
		};
/* End XCConfigurationList section */
	};
	rootObject = 93A1BC921F8C044100E5B0B0 /* Project object */;
}
